
Microsoft Visual Studio Solution File, Format Version 12.00
# Visual Studio Version 16
VisualStudioVersion = 16.0.31729.503
MinimumVisualStudioVersion = 10.0.40219.1
Project("{FAE04EC0-301F-11D3-BF4B-00C04F79EFBC}") = "LinkedListAppp", "LinkedListAppp.csproj", "{0DBC10E6-A12E-4F7E-A10A-829559A0BDA6}"
EndProject
Global
	GlobalSection(SolutionConfigurationPlatforms) = preSolution
		Debug|Any CPU = Debug|Any CPU
		Release|Any CPU = Release|Any CPU
	EndGlobalSection
	GlobalSection(ProjectConfigurationPlatforms) = postSolution
		{0DBC10E6-A12E-4F7E-A10A-829559A0BDA6}.Debug|Any CPU.ActiveCfg = Debug|Any CPU
		{0DBC10E6-A12E-4F7E-A10A-829559A0BDA6}.Debug|Any CPU.Build.0 = Debug|Any CPU
		{0DBC10E6-A12E-4F7E-A10A-829559A0BDA6}.Release|Any CPU.ActiveCfg = Release|Any CPU
		{0DBC10E6-A12E-4F7E-A10A-829559A0BDA6}.Release|Any CPU.Build.0 = Release|Any CPU
	EndGlobalSection
	GlobalSection(SolutionProperties) = preSolution
		HideSolutionNode = FALSE
	EndGlobalSection
	GlobalSection(ExtensibilityGlobals) = postSolution
		SolutionGuid = {FF36E02B-8CD5-4D7E-96B0-05A2C13BEEAC}
	EndGlobalSection
EndGlobal
